
Microsoft Visual Studio Solution File, Format Version 12.00
# Visual Studio Version 17
VisualStudioVersion = 17.7.34031.279
MinimumVisualStudioVersion = 10.0.40219.1
Project("{8BC9CEB8-8B4A-11D0-8D11-00A0C91BC942}") = "ex9_inclass_prep", "ex9_inclass_prep.vcxproj", "{61C34286-566C-40C5-AFB0-A0529457DFA1}"
EndProject
Global
	GlobalSection(SolutionConfigurationPlatforms) = preSolution
		Debug|x64 = Debug|x64
		Debug|x86 = Debug|x86
		Release|x64 = Release|x64
		Release|x86 = Release|x86
	EndGlobalSection
	GlobalSection(ProjectConfigurationPlatforms) = postSolution
		{61C34286-566C-40C5-AFB0-A0529457DFA1}.Debug|x64.ActiveCfg = Debug|x64
		{61C34286-566C-40C5-AFB0-A0529457DFA1}.Debug|x64.Build.0 = Debug|x64
		{61C34286-566C-40C5-AFB0-A0529457DFA1}.Debug|x86.ActiveCfg = Debug|Win32
		{61C34286-566C-40C5-AFB0-A0529457DFA1}.Debug|x86.Build.0 = Debug|Win32
		{61C34286-566C-40C5-AFB0-A0529457DFA1}.Release|x64.ActiveCfg = Release|x64
		{61C34286-566C-40C5-AFB0-A0529457DFA1}.Release|x64.Build.0 = Release|x64
		{61C34286-566C-40C5-AFB0-A0529457DFA1}.Release|x86.ActiveCfg = Release|Win32
		{61C34286-566C-40C5-AFB0-A0529457DFA1}.Release|x86.Build.0 = Release|Win32
	EndGlobalSection
	GlobalSection(SolutionProperties) = preSolution
		HideSolutionNode = FALSE
	EndGlobalSection
	GlobalSection(ExtensibilityGlobals) = postSolution
		SolutionGuid = {0F00F35D-4C11-4278-A3B4-00EA92D5DD6F}
	EndGlobalSection
EndGlobal
